
Microsoft Visual Studio Solution File, Format Version 12.00
# Visual Studio Version 16
VisualStudioVersion = 16.0.29806.167
MinimumVisualStudioVersion = 10.0.40219.1
Project("{FAE04EC0-301F-11D3-BF4B-00C04F79EFBC}") = "Cinema.Web", "Cinema.Web\Cinema.Web.csproj", "{5415ACE4-0D45-4D26-A635-DCABE20AB275}"
EndProject
Project("{FAE04EC0-301F-11D3-BF4B-00C04F79EFBC}") = "Cinema.Api", "Cinema.Api\Cinema.Api.csproj", "{45FF9B50-369A-44E4-8B64-A03969C4DB5E}"
EndProject
Project("{FAE04EC0-301F-11D3-BF4B-00C04F79EFBC}") = "Cinema.Api.Business", "Cinema.Api.Business\Cinema.Api.Business.csproj", "{2418A2FE-BE56-4840-A200-089C2FB7E85C}"
EndProject
Project("{FAE04EC0-301F-11D3-BF4B-00C04F79EFBC}") = "Cinema.Api.Data", "Cinema.Api.Data\Cinema.Api.Data.csproj", "{69C55A8D-3776-48DF-8A63-685A3BF56F40}"
EndProject
Project("{FAE04EC0-301F-11D3-BF4B-00C04F79EFBC}") = "Cinema.Web.Business", "Cinema.Web.Business\Cinema.Web.Business.csproj", "{60957891-E489-4D5D-90D2-7F11EE908CA7}"
EndProject
Global
	GlobalSection(SolutionConfigurationPlatforms) = preSolution
		Debug|Any CPU = Debug|Any CPU
		Release|Any CPU = Release|Any CPU
	EndGlobalSection
	GlobalSection(ProjectConfigurationPlatforms) = postSolution
		{5415ACE4-0D45-4D26-A635-DCABE20AB275}.Debug|Any CPU.ActiveCfg = Debug|Any CPU
		{5415ACE4-0D45-4D26-A635-DCABE20AB275}.Debug|Any CPU.Build.0 = Debug|Any CPU
		{5415ACE4-0D45-4D26-A635-DCABE20AB275}.Release|Any CPU.ActiveCfg = Release|Any CPU
		{5415ACE4-0D45-4D26-A635-DCABE20AB275}.Release|Any CPU.Build.0 = Release|Any CPU
		{45FF9B50-369A-44E4-8B64-A03969C4DB5E}.Debug|Any CPU.ActiveCfg = Debug|Any CPU
		{45FF9B50-369A-44E4-8B64-A03969C4DB5E}.Debug|Any CPU.Build.0 = Debug|Any CPU
		{45FF9B50-369A-44E4-8B64-A03969C4DB5E}.Release|Any CPU.ActiveCfg = Release|Any CPU
		{45FF9B50-369A-44E4-8B64-A03969C4DB5E}.Release|Any CPU.Build.0 = Release|Any CPU
		{2418A2FE-BE56-4840-A200-089C2FB7E85C}.Debug|Any CPU.ActiveCfg = Debug|Any CPU
		{2418A2FE-BE56-4840-A200-089C2FB7E85C}.Debug|Any CPU.Build.0 = Debug|Any CPU
		{2418A2FE-BE56-4840-A200-089C2FB7E85C}.Release|Any CPU.ActiveCfg = Release|Any CPU
		{2418A2FE-BE56-4840-A200-089C2FB7E85C}.Release|Any CPU.Build.0 = Release|Any CPU
		{69C55A8D-3776-48DF-8A63-685A3BF56F40}.Debug|Any CPU.ActiveCfg = Debug|Any CPU
		{69C55A8D-3776-48DF-8A63-685A3BF56F40}.Debug|Any CPU.Build.0 = Debug|Any CPU
		{69C55A8D-3776-48DF-8A63-685A3BF56F40}.Release|Any CPU.ActiveCfg = Release|Any CPU
		{69C55A8D-3776-48DF-8A63-685A3BF56F40}.Release|Any CPU.Build.0 = Release|Any CPU
		{60957891-E489-4D5D-90D2-7F11EE908CA7}.Debug|Any CPU.ActiveCfg = Debug|Any CPU
		{60957891-E489-4D5D-90D2-7F11EE908CA7}.Debug|Any CPU.Build.0 = Debug|Any CPU
		{60957891-E489-4D5D-90D2-7F11EE908CA7}.Release|Any CPU.ActiveCfg = Release|Any CPU
		{60957891-E489-4D5D-90D2-7F11EE908CA7}.Release|Any CPU.Build.0 = Release|Any CPU
	EndGlobalSection
	GlobalSection(SolutionProperties) = preSolution
		HideSolutionNode = FALSE
	EndGlobalSection
	GlobalSection(ExtensibilityGlobals) = postSolution
		SolutionGuid = {8E25B180-98A4-4BA6-82BA-2FD712361565}
	EndGlobalSection
EndGlobal
